
Microsoft Visual Studio Solution File, Format Version 12.00
# Visual Studio 15
VisualStudioVersion = 15.0.26730.15
MinimumVisualStudioVersion = 10.0.40219.1
Project("{FAE04EC0-301F-11D3-BF4B-00C04F79EFBC}") = "SBT", "SBT\SBT.csproj", "{06437A5F-933B-4091-9E83-D8385907643E}"
EndProject
Global
	GlobalSection(SolutionConfigurationPlatforms) = preSolution
		Debug|Any CPU = Debug|Any CPU
		Release|Any CPU = Release|Any CPU
	EndGlobalSection
	GlobalSection(ProjectConfigurationPlatforms) = postSolution
		{06437A5F-933B-4091-9E83-D8385907643E}.Debug|Any CPU.ActiveCfg = Debug|Any CPU
		{06437A5F-933B-4091-9E83-D8385907643E}.Debug|Any CPU.Build.0 = Debug|Any CPU
		{06437A5F-933B-4091-9E83-D8385907643E}.Release|Any CPU.ActiveCfg = Release|Any CPU
		{06437A5F-933B-4091-9E83-D8385907643E}.Release|Any CPU.Build.0 = Release|Any CPU
	EndGlobalSection
	GlobalSection(SolutionProperties) = preSolution
		HideSolutionNode = FALSE
	EndGlobalSection
	GlobalSection(ExtensibilityGlobals) = postSolution
		SolutionGuid = {278EEFFA-BABD-4B58-935B-59491C26A393}
	EndGlobalSection
EndGlobal
